
Microsoft Visual Studio Solution File, Format Version 12.00
# Visual Studio Version 16
VisualStudioVersion = 16.0.31624.102
MinimumVisualStudioVersion = 10.0.40219.1
Project("{8BC9CEB8-8B4A-11D0-8D11-00A0C91BC942}") = "dinput8", "TTScriptingLibrary\TTScriptingLibrary.vcxproj", "{589C373E-8691-4622-BD2E-438CA29D5CBB}"
EndProject
Project("{8BC9CEB8-8B4A-11D0-8D11-00A0C91BC942}") = "ExampleMod", "TestDllMod\TestDllMod.vcxproj", "{E8C0E3FD-EC4C-47BD-8426-6F2054A7C738}"
EndProject
Global
	GlobalSection(SolutionConfigurationPlatforms) = preSolution
		Debug|x64 = Debug|x64
		Debug|x86 = Debug|x86
		Release|x64 = Release|x64
		Release|x86 = Release|x86
	EndGlobalSection
	GlobalSection(ProjectConfigurationPlatforms) = postSolution
		{589C373E-8691-4622-BD2E-438CA29D5CBB}.Debug|x64.ActiveCfg = Debug|x64
		{589C373E-8691-4622-BD2E-438CA29D5CBB}.Debug|x64.Build.0 = Debug|x64
		{589C373E-8691-4622-BD2E-438CA29D5CBB}.Debug|x86.ActiveCfg = Debug|Win32
		{589C373E-8691-4622-BD2E-438CA29D5CBB}.Debug|x86.Build.0 = Debug|Win32
		{589C373E-8691-4622-BD2E-438CA29D5CBB}.Release|x64.ActiveCfg = Release|x64
		{589C373E-8691-4622-BD2E-438CA29D5CBB}.Release|x64.Build.0 = Release|x64
		{589C373E-8691-4622-BD2E-438CA29D5CBB}.Release|x86.ActiveCfg = Release|Win32
		{589C373E-8691-4622-BD2E-438CA29D5CBB}.Release|x86.Build.0 = Release|Win32
		{E8C0E3FD-EC4C-47BD-8426-6F2054A7C738}.Debug|x64.ActiveCfg = Debug|x64
		{E8C0E3FD-EC4C-47BD-8426-6F2054A7C738}.Debug|x64.Build.0 = Debug|x64
		{E8C0E3FD-EC4C-47BD-8426-6F2054A7C738}.Debug|x86.ActiveCfg = Debug|Win32
		{E8C0E3FD-EC4C-47BD-8426-6F2054A7C738}.Debug|x86.Build.0 = Debug|Win32
		{E8C0E3FD-EC4C-47BD-8426-6F2054A7C738}.Release|x64.ActiveCfg = Release|x64
		{E8C0E3FD-EC4C-47BD-8426-6F2054A7C738}.Release|x64.Build.0 = Release|x64
		{E8C0E3FD-EC4C-47BD-8426-6F2054A7C738}.Release|x86.ActiveCfg = Release|Win32
		{E8C0E3FD-EC4C-47BD-8426-6F2054A7C738}.Release|x86.Build.0 = Release|Win32
	EndGlobalSection
	GlobalSection(SolutionProperties) = preSolution
		HideSolutionNode = FALSE
	EndGlobalSection
	GlobalSection(ExtensibilityGlobals) = postSolution
		SolutionGuid = {9208C7A0-9DB8-4B9B-B7C4-56A653BCA575}
	EndGlobalSection
EndGlobal
